# THIS IS AN AUTOGENERATED FILE. DO NOT EDIT THIS FILE DIRECTLY.
# yarn lockfile v1


fsevents@~2.3.2:
  version "2.3.2"
  resolved "https://registry.yarnpkg.com/fsevents/-/fsevents-2.3.2.tgz#8a526f78b8fdf4623b709e0b975c52c24c02fd1a"
  integrity sha512-xiqMQR4xAeHTuB9uWm+fFRcIOgKBMiOBP+eXiyT7jsgVCq1bkVygt00oASowB7EdtpOHaaPgKt812P9ab+DDKA==

rollup-plugin-alias@^2.2.0:
  version "2.2.0"
  resolved "https://registry.yarnpkg.com/rollup-plugin-alias/-/rollup-plugin-alias-2.2.0.tgz#5004a2bc542a2eebb45b5a0fff8c6f540439decc"
  integrity sha512-9ZK410qeFed4gGrHoojBpxLsHF74vPgsheGg9JRW5RbALAxqdvJbd357mSqWBqUrBfRVnZnNUXTZdYLxxQEA5A==
  dependencies:
    slash "^3.0.0"

rollup@^2.55.1:
  version "2.56.2"
  resolved "https://registry.yarnpkg.com/rollup/-/rollup-2.56.2.tgz#a045ff3f6af53ee009b5f5016ca3da0329e5470f"
  integrity sha512-s8H00ZsRi29M2/lGdm1u8DJpJ9ML8SUOpVVBd33XNeEeL3NVaTiUcSBHzBdF3eAyR0l7VSpsuoVUGrRHq7aPwQ==
  optionalDependencies:
    fsevents "~2.3.2"

slash@^3.0.0:
  version "3.0.0"
  resolved "https://registry.yarnpkg.com/slash/-/slash-3.0.0.tgz#6539be870c165adbd5240220dbe361f1bc4d4634"
  integrity sha512-g9Q1haeby36OSStwb4ntCGGGaKsaVSjQ68fBxoQcutl5fS1vuY18H3wSt3jFyFtrkx+Kz0V1G85A4MyAdDMi2Q==
